{"version":4,"terraform_version":"1.12.0","serial":3,"lineage":"a55573cd-f2a6-0e55-2850-26b2a6d9382d","outputs":{},"resources":[{"mode":"data","type":"google_compute_image","name":"ubuntu","provider":"provider[\"registry.opentofu.org/hashicorp/google\"]","instances":[{"schema_version":0,"attributes":{"archive_size_bytes":3627045888,"creation_timestamp":"2026-05-20T08:32:15.503-07:00","description":"Canonical, Ubuntu, 22.04 LTS, amd64 jammy image built on 2026-05-20","disk_size_gb":10,"family":"ubuntu-2204-lts","filter":null,"id":"projects/ubuntu-os-cloud/global/images/ubuntu-2204-jammy-v20260520","image_encryption_key_sha256":"","image_id":"6975877308143922448","label_fingerprint":"iNBmVNCFF9w=","labels":{"public-image":"true"},"licenses":["https://www.googleapis.com/compute/v1/projects/ubuntu-os-cloud/global/licenses/ubuntu-2204-lts"],"most_recent":false,"name":"ubuntu-2204-jammy-v20260520","project":"ubuntu-os-cloud","self_link":"https://www.googleapis.com/compute/v1/projects/ubuntu-os-cloud/global/images/ubuntu-2204-jammy-v20260520","source_disk":"","source_disk_encryption_key_sha256":"","source_disk_id":"","source_image_id":"","status":"READY"},"sensitive_attributes":[]}]},{"mode":"managed","type":"google_compute_firewall","name":"allow_internal","provider":"provider[\"registry.opentofu.org/hashicorp/google\"]","instances":[{"schema_version":1,"attributes":{"allow":[{"ports":[],"protocol":"all"}],"creation_timestamp":"2026-05-26T06:38:29.706-07:00","deny":[],"description":"Autorise toutes les communications de nœud à nœud au sein du VPC","destination_ranges":[],"direction":"INGRESS","disabled":false,"enable_logging":null,"id":"projects/shining-incline-497512-k3/global/firewalls/k8s-allow-internal","log_config":[],"name":"k8s-allow-internal","network":"https://www.googleapis.com/compute/v1/projects/shining-incline-497512-k3/global/networks/k8s-vpc","priority":1000,"project":"shining-incline-497512-k3","self_link":"https://www.googleapis.com/compute/v1/projects/shining-incline-497512-k3/global/firewalls/k8s-allow-internal","source_ranges":["10.0.1.0/24"],"source_service_accounts":null,"source_tags":null,"target_service_accounts":null,"target_tags":null,"timeouts":null},"sensitive_attributes":[],"private":"eyJlMmJmYjczMC1lY2FhLTExZTYtOGY4OC0zNDM2M2JjN2M0YzAiOnsiY3JlYXRlIjoxMjAwMDAwMDAwMDAwLCJkZWxldGUiOjEyMDAwMDAwMDAwMDAsInVwZGF0ZSI6MTIwMDAwMDAwMDAwMH0sInNjaGVtYV92ZXJzaW9uIjoiMSJ9","dependencies":["google_compute_network.vpc_network"]}]},{"mode":"managed","type":"google_compute_firewall","name":"allow_k3s_api","provider":"provider[\"registry.opentofu.org/hashicorp/google\"]","instances":[{"schema_version":1,"attributes":{"allow":[{"ports":["6443"],"protocol":"tcp"}],"creation_timestamp":"2026-05-26T06:38:29.500-07:00","deny":[],"description":"Autorise l'accès à l'API Server Kubernetes de K3s (Port 6443) depuis l'extérieur","destination_ranges":[],"direction":"INGRESS","disabled":false,"enable_logging":null,"id":"projects/shining-incline-497512-k3/global/firewalls/k8s-allow-k3s-api","log_config":[],"name":"k8s-allow-k3s-api","network":"https://www.googleapis.com/compute/v1/projects/shining-incline-497512-k3/global/networks/k8s-vpc","priority":1000,"project":"shining-incline-497512-k3","self_link":"https://www.googleapis.com/compute/v1/projects/shining-incline-497512-k3/global/firewalls/k8s-allow-k3s-api","source_ranges":["0.0.0.0/0"],"source_service_accounts":null,"source_tags":null,"target_service_accounts":null,"target_tags":null,"timeouts":null},"sensitive_attributes":[],"private":"eyJlMmJmYjczMC1lY2FhLTExZTYtOGY4OC0zNDM2M2JjN2M0YzAiOnsiY3JlYXRlIjoxMjAwMDAwMDAwMDAwLCJkZWxldGUiOjEyMDAwMDAwMDAwMDAsInVwZGF0ZSI6MTIwMDAwMDAwMDAwMH0sInNjaGVtYV92ZXJzaW9uIjoiMSJ9","dependencies":["google_compute_network.vpc_network"]}]},{"mode":"managed","type":"google_compute_firewall","name":"allow_ssh","provider":"provider[\"registry.opentofu.org/hashicorp/google\"]","instances":[{"schema_version":1,"attributes":{"allow":[{"ports":["22"],"protocol":"tcp"}],"creation_timestamp":"2026-05-26T06:38:29.650-07:00","deny":[],"description":"Autorise les connexions SSH externes sur le port 22","destination_ranges":[],"direction":"INGRESS","disabled":false,"enable_logging":null,"id":"projects/shining-incline-497512-k3/global/firewalls/k8s-allow-ssh","log_config":[],"name":"k8s-allow-ssh","network":"https://www.googleapis.com/compute/v1/projects/shining-incline-497512-k3/global/networks/k8s-vpc","priority":1000,"project":"shining-incline-497512-k3","self_link":"https://www.googleapis.com/compute/v1/projects/shining-incline-497512-k3/global/firewalls/k8s-allow-ssh","source_ranges":["0.0.0.0/0"],"source_service_accounts":null,"source_tags":null,"target_service_accounts":null,"target_tags":null,"timeouts":null},"sensitive_attributes":[],"private":"eyJlMmJmYjczMC1lY2FhLTExZTYtOGY4OC0zNDM2M2JjN2M0YzAiOnsiY3JlYXRlIjoxMjAwMDAwMDAwMDAwLCJkZWxldGUiOjEyMDAwMDAwMDAwMDAsInVwZGF0ZSI6MTIwMDAwMDAwMDAwMH0sInNjaGVtYV92ZXJzaW9uIjoiMSJ9","dependencies":["google_compute_network.vpc_network"]}]},{"mode":"managed","type":"google_compute_firewall","name":"allow_web","provider":"provider[\"registry.opentofu.org/hashicorp/google\"]","instances":[{"schema_version":1,"attributes":{"allow":[{"ports":["80","443","3000","8080","30000-32767"],"protocol":"tcp"}],"creation_timestamp":"2026-05-26T06:38:29.627-07:00","deny":[],"description":"Autorise les flux HTTP, HTTPS, Grafana (3000) et la plage de ports NodePort de Kubernetes","destination_ranges":[],"direction":"INGRESS","disabled":false,"enable_logging":null,"id":"projects/shining-incline-497512-k3/global/firewalls/k8s-allow-web","log_config":[],"name":"k8s-allow-web","network":"https://www.googleapis.com/compute/v1/projects/shining-incline-497512-k3/global/networks/k8s-vpc","priority":1000,"project":"shining-incline-497512-k3","self_link":"https://www.googleapis.com/compute/v1/projects/shining-incline-497512-k3/global/firewalls/k8s-allow-web","source_ranges":["0.0.0.0/0"],"source_service_accounts":null,"source_tags":null,"target_service_accounts":null,"target_tags":null,"timeouts":null},"sensitive_attributes":[],"private":"eyJlMmJmYjczMC1lY2FhLTExZTYtOGY4OC0zNDM2M2JjN2M0YzAiOnsiY3JlYXRlIjoxMjAwMDAwMDAwMDAwLCJkZWxldGUiOjEyMDAwMDAwMDAwMDAsInVwZGF0ZSI6MTIwMDAwMDAwMDAwMH0sInNjaGVtYV92ZXJzaW9uIjoiMSJ9","dependencies":["google_compute_network.vpc_network"]}]},{"mode":"managed","type":"google_compute_network","name":"vpc_network","provider":"provider[\"registry.opentofu.org/hashicorp/google\"]","instances":[{"schema_version":0,"attributes":{"auto_create_subnetworks":false,"delete_default_routes_on_create":false,"description":"Réseau VPC dédié pour le cluster Kubernetes K3s","enable_ula_internal_ipv6":false,"gateway_ipv4":"","id":"projects/shining-incline-497512-k3/global/networks/k8s-vpc","internal_ipv6_range":"","mtu":0,"name":"k8s-vpc","network_firewall_policy_enforcement_order":"AFTER_CLASSIC_FIREWALL","numeric_id":"2866743317079006416","project":"shining-incline-497512-k3","routing_mode":"REGIONAL","self_link":"https://www.googleapis.com/compute/v1/projects/shining-incline-497512-k3/global/networks/k8s-vpc","timeouts":null},"sensitive_attributes":[],"private":"eyJlMmJmYjczMC1lY2FhLTExZTYtOGY4OC0zNDM2M2JjN2M0YzAiOnsiY3JlYXRlIjoxMjAwMDAwMDAwMDAwLCJkZWxldGUiOjEyMDAwMDAwMDAwMDAsInVwZGF0ZSI6MTIwMDAwMDAwMDAwMH19"}]},{"mode":"managed","type":"google_compute_subnetwork","name":"subnet","provider":"provider[\"registry.opentofu.org/hashicorp/google\"]","instances":[{"schema_version":0,"attributes":{"creation_timestamp":"2026-05-26T06:38:32.236-07:00","description":"","external_ipv6_prefix":"","fingerprint":null,"gateway_address":"10.0.1.1","id":"projects/shining-incline-497512-k3/regions/europe-west9/subnetworks/k8s-subnet","internal_ipv6_prefix":"","ip_cidr_range":"10.0.1.0/24","ipv6_access_type":"","ipv6_cidr_range":"","log_config":[],"name":"k8s-subnet","network":"https://www.googleapis.com/compute/v1/projects/shining-incline-497512-k3/global/networks/k8s-vpc","private_ip_google_access":false,"private_ipv6_google_access":"DISABLE_GOOGLE_ACCESS","project":"shining-incline-497512-k3","purpose":"PRIVATE","region":"europe-west9","role":"","secondary_ip_range":[],"self_link":"https://www.googleapis.com/compute/v1/projects/shining-incline-497512-k3/regions/europe-west9/subnetworks/k8s-subnet","send_secondary_ip_range_if_empty":null,"stack_type":"IPV4_ONLY","timeouts":null},"sensitive_attributes":[],"private":"eyJlMmJmYjczMC1lY2FhLTExZTYtOGY4OC0zNDM2M2JjN2M0YzAiOnsiY3JlYXRlIjoxMjAwMDAwMDAwMDAwLCJkZWxldGUiOjEyMDAwMDAwMDAwMDAsInVwZGF0ZSI6MTIwMDAwMDAwMDAwMH19","dependencies":["google_compute_network.vpc_network"]}]}],"check_results":null}
